
Microsoft Visual Studio Solution File, Format Version 12.00
# Visual Studio 15
Project("{FAE04EC0-301F-11D3-BF4B-00C04F79EFBC}") = "MvcMovie", "MvcMovie\MvcMovie.csproj", "{02381866-ACAF-4840-979C-B48584728B33}"
EndProject
Global
	GlobalSection(SolutionConfigurationPlatforms) = preSolution
		Debug|Any CPU = Debug|Any CPU
		Release|Any CPU = Release|Any CPU
	EndGlobalSection
	GlobalSection(ProjectConfigurationPlatforms) = postSolution
		{02381866-ACAF-4840-979C-B48584728B33}.Debug|Any CPU.ActiveCfg = Debug|Any CPU
		{02381866-ACAF-4840-979C-B48584728B33}.Debug|Any CPU.Build.0 = Debug|Any CPU
		{02381866-ACAF-4840-979C-B48584728B33}.Release|Any CPU.ActiveCfg = Release|Any CPU
		{02381866-ACAF-4840-979C-B48584728B33}.Release|Any CPU.Build.0 = Release|Any CPU
	EndGlobalSection
EndGlobal
